// !$*UTF8*$!
{
	archiveVersion = 1;
	classes = {
	};
	objectVersion = 46;
	objects = {

/* Begin PBXBuildFile section */
		112E64731EE2D3B80048DB21 /* AppDelegate.swift in Sources */ = {isa = PBXBuildFile; fileRef = 112E64721EE2D3B80048DB21 /* AppDelegate.swift */; };
		112E64751EE2D3B80048DB21 /* FolderViewController.swift in Sources */ = {isa = PBXBuildFile; fileRef = 112E64741EE2D3B80048DB21 /* FolderViewController.swift */; };
		112E64781EE2D3B80048DB21 /* Main.storyboard in Resources */ = {isa = PBXBuildFile; fileRef = 112E64761EE2D3B80048DB21 /* Main.storyboard */; };
		112E647A1EE2D3B80048DB21 /* Assets.xcassets in Resources */ = {isa = PBXBuildFile; fileRef = 112E64791EE2D3B80048DB21 /* Assets.xcassets */; };
		112E647D1EE2D3B80048DB21 /* LaunchScreen.storyboard in Resources */ = {isa = PBXBuildFile; fileRef = 112E647B1EE2D3B80048DB21 /* LaunchScreen.storyboard */; };
		112E64881EE2D3B80048DB21 /* ToDoTests.swift in Sources */ = {isa = PBXBuildFile; fileRef = 112E64871EE2D3B80048DB21 /* ToDoTests.swift */; };
		112E64931EE2D3B80048DB21 /* ToDoUITests.swift in Sources */ = {isa = PBXBuildFile; fileRef = 112E64921EE2D3B80048DB21 /* ToDoUITests.swift */; };
		112E64A11EE2D5680048DB21 /* FileViewController.swift in Sources */ = {isa = PBXBuildFile; fileRef = 112E64A01EE2D5680048DB21 /* FileViewController.swift */; };
/* End PBXBuildFile section */

/* Begin PBXContainerItemProxy section */
		112E64841EE2D3B80048DB21 /* PBXContainerItemProxy */ = {
			isa = PBXContainerItemProxy;
			containerPortal = 112E64671EE2D3B80048DB21 /* Project object */;
			proxyType = 1;
			remoteGlobalIDString = 112E646E1EE2D3B80048DB21;
			remoteInfo = ToDo;
		};
		112E648F1EE2D3B80048DB21 /* PBXContainerItemProxy */ = {
			isa = PBXContainerItemProxy;
			containerPortal = 112E64671EE2D3B80048DB21 /* Project object */;
			proxyType = 1;
			remoteGlobalIDString = 112E646E1EE2D3B80048DB21;
			remoteInfo = ToDo;
		};
/* End PBXContainerItemProxy section */

/* Begin PBXFileReference section */
		112E646F1EE2D3B80048DB21 /* ToDo.app */ = {isa = PBXFileReference; explicitFileType = wrapper.application; includeInIndex = 0; path = ToDo.app; sourceTree = BUILT_PRODUCTS_DIR; };
		112E64721EE2D3B80048DB21 /* AppDelegate.swift */ = {isa = PBXFileReference; lastKnownFileType = sourcecode.swift; path = AppDelegate.swift; sourceTree = "<group>"; };
		112E64741EE2D3B80048DB21 /* FolderViewController.swift */ = {isa = PBXFileReference; lastKnownFileType = sourcecode.swift; path = FolderViewController.swift; sourceTree = "<group>"; };
		112E64771EE2D3B80048DB21 /* Base */ = {isa = PBXFileReference; lastKnownFileType = file.storyboard; name = Base; path = Base.lproj/Main.storyboard; sourceTree = "<group>"; };
		112E64791EE2D3B80048DB21 /* Assets.xcassets */ = {isa = PBXFileReference; lastKnownFileType = folder.assetcatalog; path = Assets.xcassets; sourceTree = "<group>"; };
		112E647C1EE2D3B80048DB21 /* Base */ = {isa = PBXFileReference; lastKnownFileType = file.storyboard; name = Base; path = Base.lproj/LaunchScreen.storyboard; sourceTree = "<group>"; };
		112E647E1EE2D3B80048DB21 /* Info.plist */ = {isa = PBXFileReference; lastKnownFileType = text.plist.xml; path = Info.plist; sourceTree = "<group>"; };
		112E64831EE2D3B80048DB21 /* ToDoTests.xctest */ = {isa = PBXFileReference; explicitFileType = wrapper.cfbundle; includeInIndex = 0; path = ToDoTests.xctest; sourceTree = BUILT_PRODUCTS_DIR; };
		112E64871EE2D3B80048DB21 /* ToDoTests.swift */ = {isa = PBXFileReference; lastKnownFileType = sourcecode.swift; path = ToDoTests.swift; sourceTree = "<group>"; };
		112E64891EE2D3B80048DB21 /* Info.plist */ = {isa = PBXFileReference; lastKnownFileType = text.plist.xml; path = Info.plist; sourceTree = "<group>"; };
		112E648E1EE2D3B80048DB21 /* ToDoUITests.xctest */ = {isa = PBXFileReference; explicitFileType = wrapper.cfbundle; includeInIndex = 0; path = ToDoUITests.xctest; sourceTree = BUILT_PRODUCTS_DIR; };
		112E64921EE2D3B80048DB21 /* ToDoUITests.swift */ = {isa = PBXFileReference; lastKnownFileType = sourcecode.swift; path = ToDoUITests.swift; sourceTree = "<group>"; };
		112E64941EE2D3B80048DB21 /* Info.plist */ = {isa = PBXFileReference; lastKnownFileType = text.plist.xml; path = Info.plist; sourceTree = "<group>"; };
		112E64A01EE2D5680048DB21 /* FileViewController.swift */ = {isa = PBXFileReference; fileEncoding = 4; lastKnownFileType = sourcecode.swift; path = FileViewController.swift; sourceTree = "<group>"; };
/* End PBXFileReference section */

/* Begin PBXFrameworksBuildPhase section */
		112E646C1EE2D3B80048DB21 /* Frameworks */ = {
			isa = PBXFrameworksBuildPhase;
			buildActionMask = 2147483647;
			files = (
			);
			runOnlyForDeploymentPostprocessing = 0;
		};
		112E64801EE2D3B80048DB21 /* Frameworks */ = {
			isa = PBXFrameworksBuildPhase;
			buildActionMask = 2147483647;
			files = (
			);
			runOnlyForDeploymentPostprocessing = 0;
		};
		112E648B1EE2D3B80048DB21 /* Frameworks */ = {
			isa = PBXFrameworksBuildPhase;
			buildActionMask = 2147483647;
			files = (
			);
			runOnlyForDeploymentPostprocessing = 0;
		};
/* End PBXFrameworksBuildPhase section */

/* Begin PBXGroup section */
		112E64661EE2D3B80048DB21 = {
			isa = PBXGroup;
			children = (
				112E64711EE2D3B80048DB21 /* ToDo */,
				112E64861EE2D3B80048DB21 /* ToDoTests */,
				112E64911EE2D3B80048DB21 /* ToDoUITests */,
				112E64701EE2D3B80048DB21 /* Products */,
			);
			sourceTree = "<group>";
		};
		112E64701EE2D3B80048DB21 /* Products */ = {
			isa = PBXGroup;
			children = (
				112E646F1EE2D3B80048DB21 /* ToDo.app */,
				112E64831EE2D3B80048DB21 /* ToDoTests.xctest */,
				112E648E1EE2D3B80048DB21 /* ToDoUITests.xctest */,
			);
			name = Products;
			sourceTree = "<group>";
		};
		112E64711EE2D3B80048DB21 /* ToDo */ = {
			isa = PBXGroup;
			children = (
				112E64721EE2D3B80048DB21 /* AppDelegate.swift */,
				112E64741EE2D3B80048DB21 /* FolderViewController.swift */,
				112E64A01EE2D5680048DB21 /* FileViewController.swift */,
				112E64761EE2D3B80048DB21 /* Main.storyboard */,
				112E64791EE2D3B80048DB21 /* Assets.xcassets */,
				112E647B1EE2D3B80048DB21 /* LaunchScreen.storyboard */,
				112E647E1EE2D3B80048DB21 /* Info.plist */,
			);
			path = ToDo;
			sourceTree = "<group>";
		};
		112E64861EE2D3B80048DB21 /* ToDoTests */ = {
			isa = PBXGroup;
			children = (
				112E64871EE2D3B80048DB21 /* ToDoTests.swift */,
				112E64891EE2D3B80048DB21 /* Info.plist */,
			);
			path = ToDoTests;
			sourceTree = "<group>";
		};
		112E64911EE2D3B80048DB21 /* ToDoUITests */ = {
			isa = PBXGroup;
			children = (
				112E64921EE2D3B80048DB21 /* ToDoUITests.swift */,
				112E64941EE2D3B80048DB21 /* Info.plist */,
			);
			path = ToDoUITests;
			sourceTree = "<group>";
		};
/* End PBXGroup section */

/* Begin PBXNativeTarget section */
		112E646E1EE2D3B80048DB21 /* ToDo */ = {
			isa = PBXNativeTarget;
			buildConfigurationList = 112E64971EE2D3B80048DB21 /* Build configuration list for PBXNativeTarget "ToDo" */;
			buildPhases = (
				112E646B1EE2D3B80048DB21 /* Sources */,
				112E646C1EE2D3B80048DB21 /* Frameworks */,
				112E646D1EE2D3B80048DB21 /* Resources */,
			);
			buildRules = (
			);
			dependencies = (
			);
			name = ToDo;
			productName = ToDo;
			productReference = 112E646F1EE2D3B80048DB21 /* ToDo.app */;
			productType = "com.apple.product-type.application";
		};
		112E64821EE2D3B80048DB21 /* ToDoTests */ = {
			isa = PBXNativeTarget;
			buildConfigurationList = 112E649A1EE2D3B80048DB21 /* Build configuration list for PBXNativeTarget "ToDoTests" */;
			buildPhases = (
				112E647F1EE2D3B80048DB21 /* Sources */,
				112E64801EE2D3B80048DB21 /* Frameworks */,
				112E64811EE2D3B80048DB21 /* Resources */,
			);
			buildRules = (
			);
			dependencies = (
				112E64851EE2D3B80048DB21 /* PBXTargetDependency */,
			);
			name = ToDoTests;
			productName = ToDoTests;
			productReference = 112E64831EE2D3B80048DB21 /* ToDoTests.xctest */;
			productType = "com.apple.product-type.bundle.unit-test";
		};
		112E648D1EE2D3B80048DB21 /* ToDoUITests */ = {
			isa = PBXNativeTarget;
			buildConfigurationList = 112E649D1EE2D3B80048DB21 /* Build configuration list for PBXNativeTarget "ToDoUITests" */;
			buildPhases = (
				112E648A1EE2D3B80048DB21 /* Sources */,
				112E648B1EE2D3B80048DB21 /* Frameworks */,
				112E648C1EE2D3B80048DB21 /* Resources */,
			);
			buildRules = (
			);
			dependencies = (
				112E64901EE2D3B80048DB21 /* PBXTargetDependency */,
			);
			name = ToDoUITests;
			productName = ToDoUITests;
			productReference = 112E648E1EE2D3B80048DB21 /* ToDoUITests.xctest */;
			productType = "com.apple.product-type.bundle.ui-testing";
		};
/* End PBXNativeTarget section */

/* Begin PBXProject section */
		112E64671EE2D3B80048DB21 /* Project object */ = {
			isa = PBXProject;
			attributes = {
				LastSwiftUpdateCheck = 0820;
				LastUpgradeCheck = 0820;
				ORGANIZATIONNAME = "黒岩修";
				TargetAttributes = {
					112E646E1EE2D3B80048DB21 = {
						CreatedOnToolsVersion = 8.2.1;
						ProvisioningStyle = Manual;
					};
					112E64821EE2D3B80048DB21 = {
						CreatedOnToolsVersion = 8.2.1;
						ProvisioningStyle = Automatic;
						TestTargetID = 112E646E1EE2D3B80048DB21;
					};
					112E648D1EE2D3B80048DB21 = {
						CreatedOnToolsVersion = 8.2.1;
						ProvisioningStyle = Automatic;
						TestTargetID = 112E646E1EE2D3B80048DB21;
					};
				};
			};
			buildConfigurationList = 112E646A1EE2D3B80048DB21 /* Build configuration list for PBXProject "ToDo" */;
			compatibilityVersion = "Xcode 3.2";
			developmentRegion = English;
			hasScannedForEncodings = 0;
			knownRegions = (
				en,
				Base,
			);
			mainGroup = 112E64661EE2D3B80048DB21;
			productRefGroup = 112E64701EE2D3B80048DB21 /* Products */;
			projectDirPath = "";
			projectRoot = "";
			targets = (
				112E646E1EE2D3B80048DB21 /* ToDo */,
				112E64821EE2D3B80048DB21 /* ToDoTests */,
				112E648D1EE2D3B80048DB21 /* ToDoUITests */,
			);
		};
/* End PBXProject section */

/* Begin PBXResourcesBuildPhase section */
		112E646D1EE2D3B80048DB21 /* Resources */ = {
			isa = PBXResourcesBuildPhase;
			buildActionMask = 2147483647;
			files = (
				112E647D1EE2D3B80048DB21 /* LaunchScreen.storyboard in Resources */,
				112E647A1EE2D3B80048DB21 /* Assets.xcassets in Resources */,
				112E64781EE2D3B80048DB21 /* Main.storyboard in Resources */,
			);
			runOnlyForDeploymentPostprocessing = 0;
		};
		112E64811EE2D3B80048DB21 /* Resources */ = {
			isa = PBXResourcesBuildPhase;
			buildActionMask = 2147483647;
			files = (
			);
			runOnlyForDeploymentPostprocessing = 0;
		};
		112E648C1EE2D3B80048DB21 /* Resources */ = {
			isa = PBXResourcesBuildPhase;
			buildActionMask = 2147483647;
			files = (
			);
			runOnlyForDeploymentPostprocessing = 0;
		};
/* End PBXResourcesBuildPhase section */

/* Begin PBXSourcesBuildPhase section */
		112E646B1EE2D3B80048DB21 /* Sources */ = {
			isa = PBXSourcesBuildPhase;
			buildActionMask = 2147483647;
			files = (
				112E64A11EE2D5680048DB21 /* FileViewController.swift in Sources */,
				112E64751EE2D3B80048DB21 /* FolderViewController.swift in Sources */,
				112E64731EE2D3B80048DB21 /* AppDelegate.swift in Sources */,
			);
			runOnlyForDeploymentPostprocessing = 0;
		};
		112E647F1EE2D3B80048DB21 /* Sources */ = {
			isa = PBXSourcesBuildPhase;
			buildActionMask = 2147483647;
			files = (
				112E64881EE2D3B80048DB21 /* ToDoTests.swift in Sources */,
			);
			runOnlyForDeploymentPostprocessing = 0;
		};
		112E648A1EE2D3B80048DB21 /* Sources */ = {
			isa = PBXSourcesBuildPhase;
			buildActionMask = 2147483647;
			files = (
				112E64931EE2D3B80048DB21 /* ToDoUITests.swift in Sources */,
			);
			runOnlyForDeploymentPostprocessing = 0;
		};
/* End PBXSourcesBuildPhase section */

/* Begin PBXTargetDependency section */
		112E64851EE2D3B80048DB21 /* PBXTargetDependency */ = {
			isa = PBXTargetDependency;
			target = 112E646E1EE2D3B80048DB21 /* ToDo */;
			targetProxy = 112E64841EE2D3B80048DB21 /* PBXContainerItemProxy */;
		};
		112E64901EE2D3B80048DB21 /* PBXTargetDependency */ = {
			isa = PBXTargetDependency;
			target = 112E646E1EE2D3B80048DB21 /* ToDo */;
			targetProxy = 112E648F1EE2D3B80048DB21 /* PBXContainerItemProxy */;
		};
/* End PBXTargetDependency section */

/* Begin PBXVariantGroup section */
		112E64761EE2D3B80048DB21 /* Main.storyboard */ = {
			isa = PBXVariantGroup;
			children = (
				112E64771EE2D3B80048DB21 /* Base */,
			);
			name = Main.storyboard;
			sourceTree = "<group>";
		};
		112E647B1EE2D3B80048DB21 /* LaunchScreen.storyboard */ = {
			isa = PBXVariantGroup;
			children = (
				112E647C1EE2D3B80048DB21 /* Base */,
			);
			name = LaunchScreen.storyboard;
			sourceTree = "<group>";
		};
/* End PBXVariantGroup section */

/* Begin XCBuildConfiguration section */
		112E64951EE2D3B80048DB21 /* Debug */ = {
			isa = XCBuildConfiguration;
			buildSettings = {
				ALWAYS_SEARCH_USER_PATHS = NO;
				CLANG_ANALYZER_NONNULL = YES;
				CLANG_CXX_LANGUAGE_STANDARD = "gnu++0x";
				CLANG_CXX_LIBRARY = "libc++";
				CLANG_ENABLE_MODULES = YES;
				CLANG_ENABLE_OBJC_ARC = YES;
				CLANG_WARN_BOOL_CONVERSION = YES;
				CLANG_WARN_CONSTANT_CONVERSION = YES;
				CLANG_WARN_DIRECT_OBJC_ISA_USAGE = YES_ERROR;
				CLANG_WARN_DOCUMENTATION_COMMENTS = YES;
				CLANG_WARN_EMPTY_BODY = YES;
				CLANG_WARN_ENUM_CONVERSION = YES;
				CLANG_WARN_INFINITE_RECURSION = YES;
				CLANG_WARN_INT_CONVERSION = YES;
				CLANG_WARN_OBJC_ROOT_CLASS = YES_ERROR;
				CLANG_WARN_SUSPICIOUS_MOVE = YES;
				CLANG_WARN_UNREACHABLE_CODE = YES;
				CLANG_WARN__DUPLICATE_METHOD_MATCH = YES;
				"CODE_SIGN_IDENTITY[sdk=iphoneos*]" = "iPhone Developer";
				COPY_PHASE_STRIP = NO;
				DEBUG_INFORMATION_FORMAT = dwarf;
				ENABLE_STRICT_OBJC_MSGSEND = YES;
				ENABLE_TESTABILITY = YES;
				GCC_C_LANGUAGE_STANDARD = gnu99;
				GCC_DYNAMIC_NO_PIC = NO;
				GCC_NO_COMMON_BLOCKS = YES;
				GCC_OPTIMIZATION_LEVEL = 0;
				GCC_PREPROCESSOR_DEFINITIONS = (
					"DEBUG=1",
					"$(inherited)",
				);
				GCC_WARN_64_TO_32_BIT_CONVERSION = YES;
				GCC_WARN_ABOUT_RETURN_TYPE = YES_ERROR;
				GCC_WARN_UNDECLARED_SELECTOR = YES;
				GCC_WARN_UNINITIALIZED_AUTOS = YES_AGGRESSIVE;
				GCC_WARN_UNUSED_FUNCTION = YES;
				GCC_WARN_UNUSED_VARIABLE = YES;
				IPHONEOS_DEPLOYMENT_TARGET = 10.2;
				MTL_ENABLE_DEBUG_INFO = YES;
				ONLY_ACTIVE_ARCH = YES;
				SDKROOT = iphoneos;
				SWIFT_ACTIVE_COMPILATION_CONDITIONS = DEBUG;
				SWIFT_OPTIMIZATION_LEVEL = "-Onone";
			};
			name = Debug;
		};
		112E64961EE2D3B80048DB21 /* Release */ = {
			isa = XCBuildConfiguration;
			buildSettings = {
				ALWAYS_SEARCH_USER_PATHS = NO;
				CLANG_ANALYZER_NONNULL = YES;
				CLANG_CXX_LANGUAGE_STANDARD = "gnu++0x";
				CLANG_CXX_LIBRARY = "libc++";
				CLANG_ENABLE_MODULES = YES;
				CLANG_ENABLE_OBJC_ARC = YES;
				CLANG_WARN_BOOL_CONVERSION = YES;
				CLANG_WARN_CONSTANT_CONVERSION = YES;
				CLANG_WARN_DIRECT_OBJC_ISA_USAGE = YES_ERROR;
				CLANG_WARN_DOCUMENTATION_COMMENTS = YES;
				CLANG_WARN_EMPTY_BODY = YES;
				CLANG_WARN_ENUM_CONVERSION = YES;
				CLANG_WARN_INFINITE_RECURSION = YES;
				CLANG_WARN_INT_CONVERSION = YES;
				CLANG_WARN_OBJC_ROOT_CLASS = YES_ERROR;
				CLANG_WARN_SUSPICIOUS_MOVE = YES;
				CLANG_WARN_UNREACHABLE_CODE = YES;
				CLANG_WARN__DUPLICATE_METHOD_MATCH = YES;
				"CODE_SIGN_IDENTITY[sdk=iphoneos*]" = "iPhone Developer";
				COPY_PHASE_STRIP = NO;
				DEBUG_INFORMATION_FORMAT = "dwarf-with-dsym";
				ENABLE_NS_ASSERTIONS = NO;
				ENABLE_STRICT_OBJC_MSGSEND = YES;
				GCC_C_LANGUAGE_STANDARD = gnu99;
				GCC_NO_COMMON_BLOCKS = YES;
				GCC_WARN_64_TO_32_BIT_CONVERSION = YES;
				GCC_WARN_ABOUT_RETURN_TYPE = YES_ERROR;
				GCC_WARN_UNDECLARED_SELECTOR = YES;
				GCC_WARN_UNINITIALIZED_AUTOS = YES_AGGRESSIVE;
				GCC_WARN_UNUSED_FUNCTION = YES;
				GCC_WARN_UNUSED_VARIABLE = YES;
				IPHONEOS_DEPLOYMENT_TARGET = 10.2;
				MTL_ENABLE_DEBUG_INFO = NO;
				SDKROOT = iphoneos;
				SWIFT_OPTIMIZATION_LEVEL = "-Owholemodule";
				VALIDATE_PRODUCT = YES;
			};
			name = Release;
		};
		112E64981EE2D3B80048DB21 /* Debug */ = {
			isa = XCBuildConfiguration;
			buildSettings = {
				ASSETCATALOG_COMPILER_APPICON_NAME = AppIcon;
				DEVELOPMENT_TEAM = "";
				INFOPLIST_FILE = ToDo/Info.plist;
				IPHONEOS_DEPLOYMENT_TARGET = 10.2;
				LD_RUNPATH_SEARCH_PATHS = "$(inherited) @executable_path/Frameworks";
				PRODUCT_BUNDLE_IDENTIFIER = com.litech.ToDo;
				PRODUCT_NAME = "$(TARGET_NAME)";
				SWIFT_VERSION = 3.0;
			};
			name = Debug;
		};
		112E64991EE2D3B80048DB21 /* Release */ = {
			isa = XCBuildConfiguration;
			buildSettings = {
				ASSETCATALOG_COMPILER_APPICON_NAME = AppIcon;
				DEVELOPMENT_TEAM = "";
				INFOPLIST_FILE = ToDo/Info.plist;
				IPHONEOS_DEPLOYMENT_TARGET = 10.2;
				LD_RUNPATH_SEARCH_PATHS = "$(inherited) @executable_path/Frameworks";
				PRODUCT_BUNDLE_IDENTIFIER = com.litech.ToDo;
				PRODUCT_NAME = "$(TARGET_NAME)";
				SWIFT_VERSION = 3.0;
			};
			name = Release;
		};
		112E649B1EE2D3B80048DB21 /* Debug */ = {
			isa = XCBuildConfiguration;
			buildSettings = {
				ALWAYS_EMBED_SWIFT_STANDARD_LIBRARIES = YES;
				BUNDLE_LOADER = "$(TEST_HOST)";
				INFOPLIST_FILE = ToDoTests/Info.plist;
				LD_RUNPATH_SEARCH_PATHS = "$(inherited) @executable_path/Frameworks @loader_path/Frameworks";
				PRODUCT_BUNDLE_IDENTIFIER = com.litech.ToDoTests;
				PRODUCT_NAME = "$(TARGET_NAME)";
				SWIFT_VERSION = 3.0;
				TEST_HOST = "$(BUILT_PRODUCTS_DIR)/ToDo.app/ToDo";
			};
			name = Debug;
		};
		112E649C1EE2D3B80048DB21 /* Release */ = {
			isa = XCBuildConfiguration;
			buildSettings = {
				ALWAYS_EMBED_SWIFT_STANDARD_LIBRARIES = YES;
				BUNDLE_LOADER = "$(TEST_HOST)";
				INFOPLIST_FILE = ToDoTests/Info.plist;
				LD_RUNPATH_SEARCH_PATHS = "$(inherited) @executable_path/Frameworks @loader_path/Frameworks";
				PRODUCT_BUNDLE_IDENTIFIER = com.litech.ToDoTests;
				PRODUCT_NAME = "$(TARGET_NAME)";
				SWIFT_VERSION = 3.0;
				TEST_HOST = "$(BUILT_PRODUCTS_DIR)/ToDo.app/ToDo";
			};
			name = Release;
		};
		112E649E1EE2D3B80048DB21 /* Debug */ = {
			isa = XCBuildConfiguration;
			buildSettings = {
				ALWAYS_EMBED_SWIFT_STANDARD_LIBRARIES = YES;
				INFOPLIST_FILE = ToDoUITests/Info.plist;
				LD_RUNPATH_SEARCH_PATHS = "$(inherited) @executable_path/Frameworks @loader_path/Frameworks";
				PRODUCT_BUNDLE_IDENTIFIER = com.litech.ToDoUITests;
				PRODUCT_NAME = "$(TARGET_NAME)";
				SWIFT_VERSION = 3.0;
				TEST_TARGET_NAME = ToDo;
			};
			name = Debug;
		};
		112E649F1EE2D3B80048DB21 /* Release */ = {
			isa = XCBuildConfiguration;
			buildSettings = {
				ALWAYS_EMBED_SWIFT_STANDARD_LIBRARIES = YES;
				INFOPLIST_FILE = ToDoUITests/Info.plist;
				LD_RUNPATH_SEARCH_PATHS = "$(inherited) @executable_path/Frameworks @loader_path/Frameworks";
				PRODUCT_BUNDLE_IDENTIFIER = com.litech.ToDoUITests;
				PRODUCT_NAME = "$(TARGET_NAME)";
				SWIFT_VERSION = 3.0;
				TEST_TARGET_NAME = ToDo;
			};
			name = Release;
		};
/* End XCBuildConfiguration section */

/* Begin XCConfigurationList section */
		112E646A1EE2D3B80048DB21 /* Build configuration list for PBXProject "ToDo" */ = {
			isa = XCConfigurationList;
			buildConfigurations = (
				112E64951EE2D3B80048DB21 /* Debug */,
				112E64961EE2D3B80048DB21 /* Release */,
			);
			defaultConfigurationIsVisible = 0;
			defaultConfigurationName = Release;
		};
		112E64971EE2D3B80048DB21 /* Build configuration list for PBXNativeTarget "ToDo" */ = {
			isa = XCConfigurationList;
			buildConfigurations = (
				112E64981EE2D3B80048DB21 /* Debug */,
				112E64991EE2D3B80048DB21 /* Release */,
			);
			defaultConfigurationIsVisible = 0;
			defaultConfigurationName = Release;
		};
		112E649A1EE2D3B80048DB21 /* Build configuration list for PBXNativeTarget "ToDoTests" */ = {
			isa = XCConfigurationList;
			buildConfigurations = (
				112E649B1EE2D3B80048DB21 /* Debug */,
				112E649C1EE2D3B80048DB21 /* Release */,
			);
			defaultConfigurationIsVisible = 0;
			defaultConfigurationName = Release;
		};
		112E649D1EE2D3B80048DB21 /* Build configuration list for PBXNativeTarget "ToDoUITests" */ = {
			isa = XCConfigurationList;
			buildConfigurations = (
				112E649E1EE2D3B80048DB21 /* Debug */,
				112E649F1EE2D3B80048DB21 /* Release */,
			);
			defaultConfigurationIsVisible = 0;
			defaultConfigurationName = Release;
		};
/* End XCConfigurationList section */
	};
	rootObject = 112E64671EE2D3B80048DB21 /* Project object */;
}
